// !$*UTF8*$!
{
	archiveVersion = 1;
	classes = {
	};
	objectVersion = 56;
	objects = {

/* Begin PBXBuildFile section */
		A6063FCA2C2F4250009C3AAB /* RaceReadyApp.swift in Sources */ = {isa = PBXBuildFile; fileRef = A6063FC92C2F4250009C3AAB /* RaceReadyApp.swift */; };
		A6063FCC2C2F4251009C3AAB /* ContentView.swift in Sources */ = {isa = PBXBuildFile; fileRef = A6063FCB2C2F4251009C3AAB /* ContentView.swift */; };
		A6063FCE2C2F4252009C3AAB /* Assets.xcassets in Resources */ = {isa = PBXBuildFile; fileRef = A6063FCD2C2F4252009C3AAB /* Assets.xcassets */; };
		A6063FD12C2F4252009C3AAB /* Preview Assets.xcassets in Resources */ = {isa = PBXBuildFile; fileRef = A6063FD02C2F4252009C3AAB /* Preview Assets.xcassets */; };
		A6063FD92C2F4C25009C3AAB /* WelcomeView.swift in Sources */ = {isa = PBXBuildFile; fileRef = A6063FD82C2F4C25009C3AAB /* WelcomeView.swift */; };
		A6063FDB2C2F4C7C009C3AAB /* MainTabbedView.swift in Sources */ = {isa = PBXBuildFile; fileRef = A6063FDA2C2F4C7C009C3AAB /* MainTabbedView.swift */; };
		A60747992C3FC58F007679D6 /* RaceResultData.swift in Sources */ = {isa = PBXBuildFile; fileRef = A60747982C3FC58F007679D6 /* RaceResultData.swift */; };
		A607479B2C3FEEFC007679D6 /* RaceResultModel.swift in Sources */ = {isa = PBXBuildFile; fileRef = A607479A2C3FEEFC007679D6 /* RaceResultModel.swift */; };
		A6098FF02C3BBA13007AE159 /* Launch Screen.storyboard in Resources */ = {isa = PBXBuildFile; fileRef = A6098FEF2C3BBA13007AE159 /* Launch Screen.storyboard */; };
		A61706682C3D3C6E003182FA /* CircuitInfoView.swift in Sources */ = {isa = PBXBuildFile; fileRef = A61706672C3D3C6E003182FA /* CircuitInfoView.swift */; };
		A617066B2C3D404D003182FA /* CircuitInfoRow.swift in Sources */ = {isa = PBXBuildFile; fileRef = A617066A2C3D404C003182FA /* CircuitInfoRow.swift */; };
		A617066E2C3D40A2003182FA /* RoundedBorderShape.swift in Sources */ = {isa = PBXBuildFile; fileRef = A617066D2C3D40A2003182FA /* RoundedBorderShape.swift */; };
		A61706702C3D529D003182FA /* RaceTimmerView.swift in Sources */ = {isa = PBXBuildFile; fileRef = A617066F2C3D529D003182FA /* RaceTimmerView.swift */; };
		A61706732C3D8DD7003182FA /* CountdownViewModel.swift in Sources */ = {isa = PBXBuildFile; fileRef = A61706722C3D8DD7003182FA /* CountdownViewModel.swift */; };
		A61706762C3D8E48003182FA /* HeaderView.swift in Sources */ = {isa = PBXBuildFile; fileRef = A61706752C3D8E48003182FA /* HeaderView.swift */; };
		A61706782C3D8E61003182FA /* CountdownView.swift in Sources */ = {isa = PBXBuildFile; fileRef = A61706772C3D8E61003182FA /* CountdownView.swift */; };
		A617067A2C3D8E78003182FA /* TimeUnitView.swift in Sources */ = {isa = PBXBuildFile; fileRef = A61706792C3D8E78003182FA /* TimeUnitView.swift */; };
		A617067C2C3D903D003182FA /* RotatingClockView.swift in Sources */ = {isa = PBXBuildFile; fileRef = A617067B2C3D903D003182FA /* RotatingClockView.swift */; };
		A61B8D062C3E759300F75612 /* RaceResultsView.swift in Sources */ = {isa = PBXBuildFile; fileRef = A61B8D052C3E759300F75612 /* RaceResultsView.swift */; };
		A61E33B22C418A0700D66C85 /* DriverView.swift in Sources */ = {isa = PBXBuildFile; fileRef = A61E33B12C418A0700D66C85 /* DriverView.swift */; };
		A61E4B3E2C357FC50030E228 /* Shimmer.swift in Sources */ = {isa = PBXBuildFile; fileRef = A61E4B3D2C357FC50030E228 /* Shimmer.swift */; };
		A61E4B432C3582810030E228 /* FormattedDataAndTime+Extension.swift in Sources */ = {isa = PBXBuildFile; fileRef = A61E4B422C3582810030E228 /* FormattedDataAndTime+Extension.swift */; };
		A61E4B4B2C35987A0030E228 /* ShimmerComponents.swift in Sources */ = {isa = PBXBuildFile; fileRef = A61E4B4A2C35987A0030E228 /* ShimmerComponents.swift */; };
		A62DC3F32C413336002C9C67 /* RoundCorners+Extension.swift in Sources */ = {isa = PBXBuildFile; fileRef = A62DC3F22C413336002C9C67 /* RoundCorners+Extension.swift */; };
		A62DC3F52C413350002C9C67 /* RaceResultsViewModel.swift in Sources */ = {isa = PBXBuildFile; fileRef = A62DC3F42C413350002C9C67 /* RaceResultsViewModel.swift */; };
		A62DC3F72C415211002C9C67 /* DriversData.swift in Sources */ = {isa = PBXBuildFile; fileRef = A62DC3F62C415211002C9C67 /* DriversData.swift */; };
		A644CBA42C4678760064FE50 /* DriverStandings.swift in Sources */ = {isa = PBXBuildFile; fileRef = A644CBA32C4678760064FE50 /* DriverStandings.swift */; };
		A644CBA62C467EF20064FE50 /* DriverStandingsModel.swift in Sources */ = {isa = PBXBuildFile; fileRef = A644CBA52C467EF20064FE50 /* DriverStandingsModel.swift */; };
		A644CBA82C46A6B00064FE50 /* DriversImages.swift in Sources */ = {isa = PBXBuildFile; fileRef = A644CBA72C46A6B00064FE50 /* DriversImages.swift */; };
		A653F5942C42894F00D42CCF /* DriversView.swift in Sources */ = {isa = PBXBuildFile; fileRef = A653F5932C42894F00D42CCF /* DriversView.swift */; };
		A653F5962C428AF100D42CCF /* TeamsView.swift in Sources */ = {isa = PBXBuildFile; fileRef = A653F5952C428AF100D42CCF /* TeamsView.swift */; };
		A653F5982C42906300D42CCF /* NewsView.swift in Sources */ = {isa = PBXBuildFile; fileRef = A653F5972C42906300D42CCF /* NewsView.swift */; };
		A66BE8552C3450FD00FA0695 /* ShimmerView.swift in Sources */ = {isa = PBXBuildFile; fileRef = A66BE8542C3450FD00FA0695 /* ShimmerView.swift */; };
		A67382F52C30B6F900105868 /* MainTabbedView+Extension.swift in Sources */ = {isa = PBXBuildFile; fileRef = A67382F42C30B6F900105868 /* MainTabbedView+Extension.swift */; };
		A67382F72C30B75000105868 /* TabbedItems.swift in Sources */ = {isa = PBXBuildFile; fileRef = A67382F62C30B75000105868 /* TabbedItems.swift */; };
		A68F31C52C328F5600891992 /* SeasonData.swift in Sources */ = {isa = PBXBuildFile; fileRef = A68F31C42C328F5600891992 /* SeasonData.swift */; };
		A68F31C72C328F7300891992 /* WebService.swift in Sources */ = {isa = PBXBuildFile; fileRef = A68F31C62C328F7300891992 /* WebService.swift */; };
		A68F31C92C328F9700891992 /* SeasonModel.swift in Sources */ = {isa = PBXBuildFile; fileRef = A68F31C82C328F9700891992 /* SeasonModel.swift */; };
		A68F31D12C32FB0900891992 /* RaceDetailView.swift in Sources */ = {isa = PBXBuildFile; fileRef = A68F31D02C32FB0900891992 /* RaceDetailView.swift */; };
		A6C8A98D2C369F84007663AD /* RaceView.swift in Sources */ = {isa = PBXBuildFile; fileRef = A6C8A98C2C369F84007663AD /* RaceView.swift */; };
		A6C8A98F2C36EA10007663AD /* RaceCard.swift in Sources */ = {isa = PBXBuildFile; fileRef = A6C8A98E2C36EA10007663AD /* RaceCard.swift */; };
		A6C8A9912C36EA43007663AD /* RaceRow.swift in Sources */ = {isa = PBXBuildFile; fileRef = A6C8A9902C36EA43007663AD /* RaceRow.swift */; };
		A6C8A9932C3739F8007663AD /* RaceCellView.swift in Sources */ = {isa = PBXBuildFile; fileRef = A6C8A9922C3739F8007663AD /* RaceCellView.swift */; };
		A6DFCFD02C33F29800028113 /* CircuitData.swift in Sources */ = {isa = PBXBuildFile; fileRef = A6DFCFCF2C33F29800028113 /* CircuitData.swift */; };
		A6FDD9C12C38222B00B2CBFF /* Color+Extension.swift in Sources */ = {isa = PBXBuildFile; fileRef = A6FDD9C02C38222B00B2CBFF /* Color+Extension.swift */; };
		A6FDD9C32C38224E00B2CBFF /* WelcomeComponentsView.swift in Sources */ = {isa = PBXBuildFile; fileRef = A6FDD9C22C38224E00B2CBFF /* WelcomeComponentsView.swift */; };
		A6FDD9C52C38228000B2CBFF /* WelcomeSectionView.swift in Sources */ = {isa = PBXBuildFile; fileRef = A6FDD9C42C38228000B2CBFF /* WelcomeSectionView.swift */; };
		A6FDD9C72C3822BF00B2CBFF /* WelcomeMainContentView.swift in Sources */ = {isa = PBXBuildFile; fileRef = A6FDD9C62C3822BF00B2CBFF /* WelcomeMainContentView.swift */; };
/* End PBXBuildFile section */

/* Begin PBXFileReference section */
		A6063FC62C2F4250009C3AAB /* RaceReady.app */ = {isa = PBXFileReference; explicitFileType = wrapper.application; includeInIndex = 0; path = RaceReady.app; sourceTree = BUILT_PRODUCTS_DIR; };
		A6063FC92C2F4250009C3AAB /* RaceReadyApp.swift */ = {isa = PBXFileReference; lastKnownFileType = sourcecode.swift; path = RaceReadyApp.swift; sourceTree = "<group>"; };
		A6063FCB2C2F4251009C3AAB /* ContentView.swift */ = {isa = PBXFileReference; lastKnownFileType = sourcecode.swift; path = ContentView.swift; sourceTree = "<group>"; };
		A6063FCD2C2F4252009C3AAB /* Assets.xcassets */ = {isa = PBXFileReference; lastKnownFileType = folder.assetcatalog; path = Assets.xcassets; sourceTree = "<group>"; };
		A6063FD02C2F4252009C3AAB /* Preview Assets.xcassets */ = {isa = PBXFileReference; lastKnownFileType = folder.assetcatalog; path = "Preview Assets.xcassets"; sourceTree = "<group>"; };
		A6063FD82C2F4C25009C3AAB /* WelcomeView.swift */ = {isa = PBXFileReference; lastKnownFileType = sourcecode.swift; path = WelcomeView.swift; sourceTree = "<group>"; };
		A6063FDA2C2F4C7C009C3AAB /* MainTabbedView.swift */ = {isa = PBXFileReference; lastKnownFileType = sourcecode.swift; path = MainTabbedView.swift; sourceTree = "<group>"; };
		A60747982C3FC58F007679D6 /* RaceResultData.swift */ = {isa = PBXFileReference; lastKnownFileType = sourcecode.swift; path = RaceResultData.swift; sourceTree = "<group>"; };
		A607479A2C3FEEFC007679D6 /* RaceResultModel.swift */ = {isa = PBXFileReference; lastKnownFileType = sourcecode.swift; path = RaceResultModel.swift; sourceTree = "<group>"; };
		A6098FEF2C3BBA13007AE159 /* Launch Screen.storyboard */ = {isa = PBXFileReference; lastKnownFileType = file.storyboard; path = "Launch Screen.storyboard"; sourceTree = "<group>"; };
		A61706672C3D3C6E003182FA /* CircuitInfoView.swift */ = {isa = PBXFileReference; lastKnownFileType = sourcecode.swift; path = CircuitInfoView.swift; sourceTree = "<group>"; };
		A617066A2C3D404C003182FA /* CircuitInfoRow.swift */ = {isa = PBXFileReference; lastKnownFileType = sourcecode.swift; path = CircuitInfoRow.swift; sourceTree = "<group>"; };
		A617066D2C3D40A2003182FA /* RoundedBorderShape.swift */ = {isa = PBXFileReference; lastKnownFileType = sourcecode.swift; path = RoundedBorderShape.swift; sourceTree = "<group>"; };
		A617066F2C3D529D003182FA /* RaceTimmerView.swift */ = {isa = PBXFileReference; lastKnownFileType = sourcecode.swift; path = RaceTimmerView.swift; sourceTree = "<group>"; };
		A61706722C3D8DD7003182FA /* CountdownViewModel.swift */ = {isa = PBXFileReference; lastKnownFileType = sourcecode.swift; path = CountdownViewModel.swift; sourceTree = "<group>"; };
		A61706752C3D8E48003182FA /* HeaderView.swift */ = {isa = PBXFileReference; lastKnownFileType = sourcecode.swift; path = HeaderView.swift; sourceTree = "<group>"; };
		A61706772C3D8E61003182FA /* CountdownView.swift */ = {isa = PBXFileReference; lastKnownFileType = sourcecode.swift; path = CountdownView.swift; sourceTree = "<group>"; };
		A61706792C3D8E78003182FA /* TimeUnitView.swift */ = {isa = PBXFileReference; lastKnownFileType = sourcecode.swift; path = TimeUnitView.swift; sourceTree = "<group>"; };
		A617067B2C3D903D003182FA /* RotatingClockView.swift */ = {isa = PBXFileReference; lastKnownFileType = sourcecode.swift; path = RotatingClockView.swift; sourceTree = "<group>"; };
		A61B8D052C3E759300F75612 /* RaceResultsView.swift */ = {isa = PBXFileReference; lastKnownFileType = sourcecode.swift; path = RaceResultsView.swift; sourceTree = "<group>"; };
		A61E33B12C418A0700D66C85 /* DriverView.swift */ = {isa = PBXFileReference; lastKnownFileType = sourcecode.swift; path = DriverView.swift; sourceTree = "<group>"; };
		A61E4B3D2C357FC50030E228 /* Shimmer.swift */ = {isa = PBXFileReference; lastKnownFileType = sourcecode.swift; path = Shimmer.swift; sourceTree = "<group>"; };
		A61E4B422C3582810030E228 /* FormattedDataAndTime+Extension.swift */ = {isa = PBXFileReference; lastKnownFileType = sourcecode.swift; path = "FormattedDataAndTime+Extension.swift"; sourceTree = "<group>"; };
		A61E4B4A2C35987A0030E228 /* ShimmerComponents.swift */ = {isa = PBXFileReference; lastKnownFileType = sourcecode.swift; path = ShimmerComponents.swift; sourceTree = "<group>"; };
		A62DC3F22C413336002C9C67 /* RoundCorners+Extension.swift */ = {isa = PBXFileReference; lastKnownFileType = sourcecode.swift; path = "RoundCorners+Extension.swift"; sourceTree = "<group>"; };
		A62DC3F42C413350002C9C67 /* RaceResultsViewModel.swift */ = {isa = PBXFileReference; lastKnownFileType = sourcecode.swift; path = RaceResultsViewModel.swift; sourceTree = "<group>"; };
		A62DC3F62C415211002C9C67 /* DriversData.swift */ = {isa = PBXFileReference; lastKnownFileType = sourcecode.swift; path = DriversData.swift; sourceTree = "<group>"; };
		A644CBA32C4678760064FE50 /* DriverStandings.swift */ = {isa = PBXFileReference; lastKnownFileType = sourcecode.swift; path = DriverStandings.swift; sourceTree = "<group>"; };
		A644CBA52C467EF20064FE50 /* DriverStandingsModel.swift */ = {isa = PBXFileReference; lastKnownFileType = sourcecode.swift; path = DriverStandingsModel.swift; sourceTree = "<group>"; };
		A644CBA72C46A6B00064FE50 /* DriversImages.swift */ = {isa = PBXFileReference; lastKnownFileType = sourcecode.swift; path = DriversImages.swift; sourceTree = "<group>"; };
		A653F5932C42894F00D42CCF /* DriversView.swift */ = {isa = PBXFileReference; lastKnownFileType = sourcecode.swift; path = DriversView.swift; sourceTree = "<group>"; };
		A653F5952C428AF100D42CCF /* TeamsView.swift */ = {isa = PBXFileReference; lastKnownFileType = sourcecode.swift; path = TeamsView.swift; sourceTree = "<group>"; };
		A653F5972C42906300D42CCF /* NewsView.swift */ = {isa = PBXFileReference; lastKnownFileType = sourcecode.swift; path = NewsView.swift; sourceTree = "<group>"; };
		A66BE8542C3450FD00FA0695 /* ShimmerView.swift */ = {isa = PBXFileReference; lastKnownFileType = sourcecode.swift; path = ShimmerView.swift; sourceTree = "<group>"; };
		A67382F42C30B6F900105868 /* MainTabbedView+Extension.swift */ = {isa = PBXFileReference; lastKnownFileType = sourcecode.swift; path = "MainTabbedView+Extension.swift"; sourceTree = "<group>"; };
		A67382F62C30B75000105868 /* TabbedItems.swift */ = {isa = PBXFileReference; lastKnownFileType = sourcecode.swift; path = TabbedItems.swift; sourceTree = "<group>"; };
		A68F31C42C328F5600891992 /* SeasonData.swift */ = {isa = PBXFileReference; lastKnownFileType = sourcecode.swift; path = SeasonData.swift; sourceTree = "<group>"; };
		A68F31C62C328F7300891992 /* WebService.swift */ = {isa = PBXFileReference; lastKnownFileType = sourcecode.swift; path = WebService.swift; sourceTree = "<group>"; };
		A68F31C82C328F9700891992 /* SeasonModel.swift */ = {isa = PBXFileReference; lastKnownFileType = sourcecode.swift; path = SeasonModel.swift; sourceTree = "<group>"; };
		A68F31D02C32FB0900891992 /* RaceDetailView.swift */ = {isa = PBXFileReference; lastKnownFileType = sourcecode.swift; path = RaceDetailView.swift; sourceTree = "<group>"; };
		A6C8A98C2C369F84007663AD /* RaceView.swift */ = {isa = PBXFileReference; lastKnownFileType = sourcecode.swift; path = RaceView.swift; sourceTree = "<group>"; };
		A6C8A98E2C36EA10007663AD /* RaceCard.swift */ = {isa = PBXFileReference; lastKnownFileType = sourcecode.swift; path = RaceCard.swift; sourceTree = "<group>"; };
		A6C8A9902C36EA43007663AD /* RaceRow.swift */ = {isa = PBXFileReference; lastKnownFileType = sourcecode.swift; path = RaceRow.swift; sourceTree = "<group>"; };
		A6C8A9922C3739F8007663AD /* RaceCellView.swift */ = {isa = PBXFileReference; lastKnownFileType = sourcecode.swift; path = RaceCellView.swift; sourceTree = "<group>"; };
		A6DFCFCF2C33F29800028113 /* CircuitData.swift */ = {isa = PBXFileReference; lastKnownFileType = sourcecode.swift; path = CircuitData.swift; sourceTree = "<group>"; };
		A6FDD9C02C38222B00B2CBFF /* Color+Extension.swift */ = {isa = PBXFileReference; lastKnownFileType = sourcecode.swift; path = "Color+Extension.swift"; sourceTree = "<group>"; };
		A6FDD9C22C38224E00B2CBFF /* WelcomeComponentsView.swift */ = {isa = PBXFileReference; lastKnownFileType = sourcecode.swift; path = WelcomeComponentsView.swift; sourceTree = "<group>"; };
		A6FDD9C42C38228000B2CBFF /* WelcomeSectionView.swift */ = {isa = PBXFileReference; lastKnownFileType = sourcecode.swift; path = WelcomeSectionView.swift; sourceTree = "<group>"; };
		A6FDD9C62C3822BF00B2CBFF /* WelcomeMainContentView.swift */ = {isa = PBXFileReference; lastKnownFileType = sourcecode.swift; path = WelcomeMainContentView.swift; sourceTree = "<group>"; };
/* End PBXFileReference section */

/* Begin PBXFrameworksBuildPhase section */
		A6063FC32C2F4250009C3AAB /* Frameworks */ = {
			isa = PBXFrameworksBuildPhase;
			buildActionMask = 2147483647;
			files = (
			);
			runOnlyForDeploymentPostprocessing = 0;
		};
/* End PBXFrameworksBuildPhase section */

/* Begin PBXGroup section */
		A6063FBD2C2F4250009C3AAB = {
			isa = PBXGroup;
			children = (
				A6063FC82C2F4250009C3AAB /* RaceReady */,
				A6063FC72C2F4250009C3AAB /* Products */,
			);
			sourceTree = "<group>";
		};
		A6063FC72C2F4250009C3AAB /* Products */ = {
			isa = PBXGroup;
			children = (
				A6063FC62C2F4250009C3AAB /* RaceReady.app */,
			);
			name = Products;
			sourceTree = "<group>";
		};
		A6063FC82C2F4250009C3AAB /* RaceReady */ = {
			isa = PBXGroup;
			children = (
				A61706712C3D8DC7003182FA /* ViewModel */,
				A617066C2C3D4086003182FA /* Utils */,
				A6FDD9BF2C37D48500B2CBFF /* Onboarding */,
				A61E4B442C3583A80030E228 /* Components */,
				A61E4B3C2C357FA70030E228 /* ViewModifier */,
				A6063FE62C2F6C06009C3AAB /* Extension */,
				A6063FE52C2F6BFD009C3AAB /* Client */,
				A6063FE42C2F6BED009C3AAB /* Settings */,
				A6063FE32C2F6BE6009C3AAB /* News */,
				A6063FE22C2F6BDD009C3AAB /* Teams */,
				A6063FE12C2F6BD4009C3AAB /* Drivers */,
				A6063FE02C2F6BC6009C3AAB /* Race */,
				A6063FDC2C2F5079009C3AAB /* Model */,
				A6063FD72C2F4C12009C3AAB /* Views */,
				A6063FC92C2F4250009C3AAB /* RaceReadyApp.swift */,
				A6063FCB2C2F4251009C3AAB /* ContentView.swift */,
				A6063FCD2C2F4252009C3AAB /* Assets.xcassets */,
				A6063FCF2C2F4252009C3AAB /* Preview Content */,
				A6098FEF2C3BBA13007AE159 /* Launch Screen.storyboard */,
			);
			path = RaceReady;
			sourceTree = "<group>";
		};
		A6063FCF2C2F4252009C3AAB /* Preview Content */ = {
			isa = PBXGroup;
			children = (
				A6063FD02C2F4252009C3AAB /* Preview Assets.xcassets */,
			);
			path = "Preview Content";
			sourceTree = "<group>";
		};
		A6063FD72C2F4C12009C3AAB /* Views */ = {
			isa = PBXGroup;
			children = (
				A6063FDA2C2F4C7C009C3AAB /* MainTabbedView.swift */,
			);
			path = Views;
			sourceTree = "<group>";
		};
		A6063FDC2C2F5079009C3AAB /* Model */ = {
			isa = PBXGroup;
			children = (
				A68F31C42C328F5600891992 /* SeasonData.swift */,
				A67382F62C30B75000105868 /* TabbedItems.swift */,
				A68F31C82C328F9700891992 /* SeasonModel.swift */,
				A6DFCFCF2C33F29800028113 /* CircuitData.swift */,
				A60747982C3FC58F007679D6 /* RaceResultData.swift */,
				A607479A2C3FEEFC007679D6 /* RaceResultModel.swift */,
				A62DC3F62C415211002C9C67 /* DriversData.swift */,
				A644CBA32C4678760064FE50 /* DriverStandings.swift */,
				A644CBA52C467EF20064FE50 /* DriverStandingsModel.swift */,
				A644CBA72C46A6B00064FE50 /* DriversImages.swift */,
			);
			path = Model;
			sourceTree = "<group>";
		};
		A6063FE02C2F6BC6009C3AAB /* Race */ = {
			isa = PBXGroup;
			children = (
				A61B8D042C3E757D00F75612 /* RaceResultsView */,
				A61706742C3D8E10003182FA /* RaceTimmerView */,
				A61706692C3D4018003182FA /* CircuitView */,
				A6C8A98C2C369F84007663AD /* RaceView.swift */,
				A68F31D02C32FB0900891992 /* RaceDetailView.swift */,
				A66BE8542C3450FD00FA0695 /* ShimmerView.swift */,
			);
			path = Race;
			sourceTree = "<group>";
		};
		A6063FE12C2F6BD4009C3AAB /* Drivers */ = {
			isa = PBXGroup;
			children = (
				A653F5932C42894F00D42CCF /* DriversView.swift */,
			);
			path = Drivers;
			sourceTree = "<group>";
		};
		A6063FE22C2F6BDD009C3AAB /* Teams */ = {
			isa = PBXGroup;
			children = (
				A653F5952C428AF100D42CCF /* TeamsView.swift */,
			);
			path = Teams;
			sourceTree = "<group>";
		};
		A6063FE32C2F6BE6009C3AAB /* News */ = {
			isa = PBXGroup;
			children = (
				A653F5972C42906300D42CCF /* NewsView.swift */,
			);
			path = News;
			sourceTree = "<group>";
		};
		A6063FE42C2F6BED009C3AAB /* Settings */ = {
			isa = PBXGroup;
			children = (
			);
			path = Settings;
			sourceTree = "<group>";
		};
		A6063FE52C2F6BFD009C3AAB /* Client */ = {
			isa = PBXGroup;
			children = (
				A68F31C62C328F7300891992 /* WebService.swift */,
			);
			path = Client;
			sourceTree = "<group>";
		};
		A6063FE62C2F6C06009C3AAB /* Extension */ = {
			isa = PBXGroup;
			children = (
				A67382F42C30B6F900105868 /* MainTabbedView+Extension.swift */,
				A61E4B422C3582810030E228 /* FormattedDataAndTime+Extension.swift */,
				A6FDD9C02C38222B00B2CBFF /* Color+Extension.swift */,
				A62DC3F22C413336002C9C67 /* RoundCorners+Extension.swift */,
			);
			path = Extension;
			sourceTree = "<group>";
		};
		A61706692C3D4018003182FA /* CircuitView */ = {
			isa = PBXGroup;
			children = (
				A61706672C3D3C6E003182FA /* CircuitInfoView.swift */,
				A617066A2C3D404C003182FA /* CircuitInfoRow.swift */,
				A617066F2C3D529D003182FA /* RaceTimmerView.swift */,
			);
			path = CircuitView;
			sourceTree = "<group>";
		};
		A617066C2C3D4086003182FA /* Utils */ = {
			isa = PBXGroup;
			children = (
				A617066D2C3D40A2003182FA /* RoundedBorderShape.swift */,
			);
			path = Utils;
			sourceTree = "<group>";
		};
		A61706712C3D8DC7003182FA /* ViewModel */ = {
			isa = PBXGroup;
			children = (
				A61706722C3D8DD7003182FA /* CountdownViewModel.swift */,
				A62DC3F42C413350002C9C67 /* RaceResultsViewModel.swift */,
			);
			path = ViewModel;
			sourceTree = "<group>";
		};
		A61706742C3D8E10003182FA /* RaceTimmerView */ = {
			isa = PBXGroup;
			children = (
				A61706752C3D8E48003182FA /* HeaderView.swift */,
				A61706772C3D8E61003182FA /* CountdownView.swift */,
				A61706792C3D8E78003182FA /* TimeUnitView.swift */,
				A617067B2C3D903D003182FA /* RotatingClockView.swift */,
			);
			path = RaceTimmerView;
			sourceTree = "<group>";
		};
		A61B8D042C3E757D00F75612 /* RaceResultsView */ = {
			isa = PBXGroup;
			children = (
				A61B8D052C3E759300F75612 /* RaceResultsView.swift */,
				A61E33B12C418A0700D66C85 /* DriverView.swift */,
			);
			path = RaceResultsView;
			sourceTree = "<group>";
		};
		A61E4B3C2C357FA70030E228 /* ViewModifier */ = {
			isa = PBXGroup;
			children = (
				A61E4B3D2C357FC50030E228 /* Shimmer.swift */,
			);
			path = ViewModifier;
			sourceTree = "<group>";
		};
		A61E4B442C3583A80030E228 /* Components */ = {
			isa = PBXGroup;
			children = (
				A61E4B4A2C35987A0030E228 /* ShimmerComponents.swift */,
				A6C8A98E2C36EA10007663AD /* RaceCard.swift */,
				A6C8A9902C36EA43007663AD /* RaceRow.swift */,
				A6C8A9922C3739F8007663AD /* RaceCellView.swift */,
			);
			path = Components;
			sourceTree = "<group>";
		};
		A6FDD9BF2C37D48500B2CBFF /* Onboarding */ = {
			isa = PBXGroup;
			children = (
				A6063FD82C2F4C25009C3AAB /* WelcomeView.swift */,
				A6FDD9C22C38224E00B2CBFF /* WelcomeComponentsView.swift */,
				A6FDD9C42C38228000B2CBFF /* WelcomeSectionView.swift */,
				A6FDD9C62C3822BF00B2CBFF /* WelcomeMainContentView.swift */,
			);
			path = Onboarding;
			sourceTree = "<group>";
		};
/* End PBXGroup section */

/* Begin PBXNativeTarget section */
		A6063FC52C2F4250009C3AAB /* RaceReady */ = {
			isa = PBXNativeTarget;
			buildConfigurationList = A6063FD42C2F4252009C3AAB /* Build configuration list for PBXNativeTarget "RaceReady" */;
			buildPhases = (
				A6063FC22C2F4250009C3AAB /* Sources */,
				A6063FC32C2F4250009C3AAB /* Frameworks */,
				A6063FC42C2F4250009C3AAB /* Resources */,
			);
			buildRules = (
			);
			dependencies = (
			);
			name = RaceReady;
			productName = RaceReady;
			productReference = A6063FC62C2F4250009C3AAB /* RaceReady.app */;
			productType = "com.apple.product-type.application";
		};
/* End PBXNativeTarget section */

/* Begin PBXProject section */
		A6063FBE2C2F4250009C3AAB /* Project object */ = {
			isa = PBXProject;
			attributes = {
				BuildIndependentTargetsInParallel = 1;
				LastSwiftUpdateCheck = 1540;
				LastUpgradeCheck = 1540;
				TargetAttributes = {
					A6063FC52C2F4250009C3AAB = {
						CreatedOnToolsVersion = 15.4;
					};
				};
			};
			buildConfigurationList = A6063FC12C2F4250009C3AAB /* Build configuration list for PBXProject "RaceReady" */;
			compatibilityVersion = "Xcode 14.0";
			developmentRegion = en;
			hasScannedForEncodings = 0;
			knownRegions = (
				en,
				Base,
			);
			mainGroup = A6063FBD2C2F4250009C3AAB;
			productRefGroup = A6063FC72C2F4250009C3AAB /* Products */;
			projectDirPath = "";
			projectRoot = "";
			targets = (
				A6063FC52C2F4250009C3AAB /* RaceReady */,
			);
		};
/* End PBXProject section */

/* Begin PBXResourcesBuildPhase section */
		A6063FC42C2F4250009C3AAB /* Resources */ = {
			isa = PBXResourcesBuildPhase;
			buildActionMask = 2147483647;
			files = (
				A6098FF02C3BBA13007AE159 /* Launch Screen.storyboard in Resources */,
				A6063FD12C2F4252009C3AAB /* Preview Assets.xcassets in Resources */,
				A6063FCE2C2F4252009C3AAB /* Assets.xcassets in Resources */,
			);
			runOnlyForDeploymentPostprocessing = 0;
		};
/* End PBXResourcesBuildPhase section */

/* Begin PBXSourcesBuildPhase section */
		A6063FC22C2F4250009C3AAB /* Sources */ = {
			isa = PBXSourcesBuildPhase;
			buildActionMask = 2147483647;
			files = (
				A617067C2C3D903D003182FA /* RotatingClockView.swift in Sources */,
				A61706782C3D8E61003182FA /* CountdownView.swift in Sources */,
				A68F31C92C328F9700891992 /* SeasonModel.swift in Sources */,
				A653F5982C42906300D42CCF /* NewsView.swift in Sources */,
				A653F5962C428AF100D42CCF /* TeamsView.swift in Sources */,
				A644CBA62C467EF20064FE50 /* DriverStandingsModel.swift in Sources */,
				A61706702C3D529D003182FA /* RaceTimmerView.swift in Sources */,
				A61706682C3D3C6E003182FA /* CircuitInfoView.swift in Sources */,
				A62DC3F32C413336002C9C67 /* RoundCorners+Extension.swift in Sources */,
				A617067A2C3D8E78003182FA /* TimeUnitView.swift in Sources */,
				A6FDD9C72C3822BF00B2CBFF /* WelcomeMainContentView.swift in Sources */,
				A61B8D062C3E759300F75612 /* RaceResultsView.swift in Sources */,
				A62DC3F72C415211002C9C67 /* DriversData.swift in Sources */,
				A68F31C72C328F7300891992 /* WebService.swift in Sources */,
				A644CBA42C4678760064FE50 /* DriverStandings.swift in Sources */,
				A67382F72C30B75000105868 /* TabbedItems.swift in Sources */,
				A607479B2C3FEEFC007679D6 /* RaceResultModel.swift in Sources */,
				A61E4B432C3582810030E228 /* FormattedDataAndTime+Extension.swift in Sources */,
				A62DC3F52C413350002C9C67 /* RaceResultsViewModel.swift in Sources */,
				A6063FCC2C2F4251009C3AAB /* ContentView.swift in Sources */,
				A6C8A98F2C36EA10007663AD /* RaceCard.swift in Sources */,
				A6063FDB2C2F4C7C009C3AAB /* MainTabbedView.swift in Sources */,
				A6063FD92C2F4C25009C3AAB /* WelcomeView.swift in Sources */,
				A67382F52C30B6F900105868 /* MainTabbedView+Extension.swift in Sources */,
				A68F31C52C328F5600891992 /* SeasonData.swift in Sources */,
				A61706762C3D8E48003182FA /* HeaderView.swift in Sources */,
				A6C8A9912C36EA43007663AD /* RaceRow.swift in Sources */,
				A6C8A9932C3739F8007663AD /* RaceCellView.swift in Sources */,
				A6C8A98D2C369F84007663AD /* RaceView.swift in Sources */,
				A61E4B4B2C35987A0030E228 /* ShimmerComponents.swift in Sources */,
				A61E33B22C418A0700D66C85 /* DriverView.swift in Sources */,
				A6063FCA2C2F4250009C3AAB /* RaceReadyApp.swift in Sources */,
				A6FDD9C52C38228000B2CBFF /* WelcomeSectionView.swift in Sources */,
				A66BE8552C3450FD00FA0695 /* ShimmerView.swift in Sources */,
				A60747992C3FC58F007679D6 /* RaceResultData.swift in Sources */,
				A644CBA82C46A6B00064FE50 /* DriversImages.swift in Sources */,
				A61706732C3D8DD7003182FA /* CountdownViewModel.swift in Sources */,
				A61E4B3E2C357FC50030E228 /* Shimmer.swift in Sources */,
				A6FDD9C32C38224E00B2CBFF /* WelcomeComponentsView.swift in Sources */,
				A68F31D12C32FB0900891992 /* RaceDetailView.swift in Sources */,
				A6DFCFD02C33F29800028113 /* CircuitData.swift in Sources */,
				A617066E2C3D40A2003182FA /* RoundedBorderShape.swift in Sources */,
				A617066B2C3D404D003182FA /* CircuitInfoRow.swift in Sources */,
				A653F5942C42894F00D42CCF /* DriversView.swift in Sources */,
				A6FDD9C12C38222B00B2CBFF /* Color+Extension.swift in Sources */,
			);
			runOnlyForDeploymentPostprocessing = 0;
		};
/* End PBXSourcesBuildPhase section */

/* Begin XCBuildConfiguration section */
		A6063FD22C2F4252009C3AAB /* Debug */ = {
			isa = XCBuildConfiguration;
			buildSettings = {
				ALWAYS_SEARCH_USER_PATHS = NO;
				ASSETCATALOG_COMPILER_GENERATE_SWIFT_ASSET_SYMBOL_EXTENSIONS = YES;
				CLANG_ANALYZER_NONNULL = YES;
				CLANG_ANALYZER_NUMBER_OBJECT_CONVERSION = YES_AGGRESSIVE;
				CLANG_CXX_LANGUAGE_STANDARD = "gnu++20";
				CLANG_ENABLE_MODULES = YES;
				CLANG_ENABLE_OBJC_ARC = YES;
				CLANG_ENABLE_OBJC_WEAK = YES;
				CLANG_WARN_BLOCK_CAPTURE_AUTORELEASING = YES;
				CLANG_WARN_BOOL_CONVERSION = YES;
				CLANG_WARN_COMMA = YES;
				CLANG_WARN_CONSTANT_CONVERSION = YES;
				CLANG_WARN_DEPRECATED_OBJC_IMPLEMENTATIONS = YES;
				CLANG_WARN_DIRECT_OBJC_ISA_USAGE = YES_ERROR;
				CLANG_WARN_DOCUMENTATION_COMMENTS = YES;
				CLANG_WARN_EMPTY_BODY = YES;
				CLANG_WARN_ENUM_CONVERSION = YES;
				CLANG_WARN_INFINITE_RECURSION = YES;
				CLANG_WARN_INT_CONVERSION = YES;
				CLANG_WARN_NON_LITERAL_NULL_CONVERSION = YES;
				CLANG_WARN_OBJC_IMPLICIT_RETAIN_SELF = YES;
				CLANG_WARN_OBJC_LITERAL_CONVERSION = YES;
				CLANG_WARN_OBJC_ROOT_CLASS = YES_ERROR;
				CLANG_WARN_QUOTED_INCLUDE_IN_FRAMEWORK_HEADER = YES;
				CLANG_WARN_RANGE_LOOP_ANALYSIS = YES;
				CLANG_WARN_STRICT_PROTOTYPES = YES;
				CLANG_WARN_SUSPICIOUS_MOVE = YES;
				CLANG_WARN_UNGUARDED_AVAILABILITY = YES_AGGRESSIVE;
				CLANG_WARN_UNREACHABLE_CODE = YES;
				CLANG_WARN__DUPLICATE_METHOD_MATCH = YES;
				COPY_PHASE_STRIP = NO;
				DEBUG_INFORMATION_FORMAT = dwarf;
				ENABLE_STRICT_OBJC_MSGSEND = YES;
				ENABLE_TESTABILITY = YES;
				ENABLE_USER_SCRIPT_SANDBOXING = YES;
				GCC_C_LANGUAGE_STANDARD = gnu17;
				GCC_DYNAMIC_NO_PIC = NO;
				GCC_NO_COMMON_BLOCKS = YES;
				GCC_OPTIMIZATION_LEVEL = 0;
				GCC_PREPROCESSOR_DEFINITIONS = (
					"DEBUG=1",
					"$(inherited)",
				);
				GCC_WARN_64_TO_32_BIT_CONVERSION = YES;
				GCC_WARN_ABOUT_RETURN_TYPE = YES_ERROR;
				GCC_WARN_UNDECLARED_SELECTOR = YES;
				GCC_WARN_UNINITIALIZED_AUTOS = YES_AGGRESSIVE;
				GCC_WARN_UNUSED_FUNCTION = YES;
				GCC_WARN_UNUSED_VARIABLE = YES;
				IPHONEOS_DEPLOYMENT_TARGET = 17.5;
				LOCALIZATION_PREFERS_STRING_CATALOGS = YES;
				MTL_ENABLE_DEBUG_INFO = INCLUDE_SOURCE;
				MTL_FAST_MATH = YES;
				ONLY_ACTIVE_ARCH = YES;
				SDKROOT = iphoneos;
				SWIFT_ACTIVE_COMPILATION_CONDITIONS = "DEBUG $(inherited)";
				SWIFT_OPTIMIZATION_LEVEL = "-Onone";
			};
			name = Debug;
		};
		A6063FD32C2F4252009C3AAB /* Release */ = {
			isa = XCBuildConfiguration;
			buildSettings = {
				ALWAYS_SEARCH_USER_PATHS = NO;
				ASSETCATALOG_COMPILER_GENERATE_SWIFT_ASSET_SYMBOL_EXTENSIONS = YES;
				CLANG_ANALYZER_NONNULL = YES;
				CLANG_ANALYZER_NUMBER_OBJECT_CONVERSION = YES_AGGRESSIVE;
				CLANG_CXX_LANGUAGE_STANDARD = "gnu++20";
				CLANG_ENABLE_MODULES = YES;
				CLANG_ENABLE_OBJC_ARC = YES;
				CLANG_ENABLE_OBJC_WEAK = YES;
				CLANG_WARN_BLOCK_CAPTURE_AUTORELEASING = YES;
				CLANG_WARN_BOOL_CONVERSION = YES;
				CLANG_WARN_COMMA = YES;
				CLANG_WARN_CONSTANT_CONVERSION = YES;
				CLANG_WARN_DEPRECATED_OBJC_IMPLEMENTATIONS = YES;
				CLANG_WARN_DIRECT_OBJC_ISA_USAGE = YES_ERROR;
				CLANG_WARN_DOCUMENTATION_COMMENTS = YES;
				CLANG_WARN_EMPTY_BODY = YES;
				CLANG_WARN_ENUM_CONVERSION = YES;
				CLANG_WARN_INFINITE_RECURSION = YES;
				CLANG_WARN_INT_CONVERSION = YES;
				CLANG_WARN_NON_LITERAL_NULL_CONVERSION = YES;
				CLANG_WARN_OBJC_IMPLICIT_RETAIN_SELF = YES;
				CLANG_WARN_OBJC_LITERAL_CONVERSION = YES;
				CLANG_WARN_OBJC_ROOT_CLASS = YES_ERROR;
				CLANG_WARN_QUOTED_INCLUDE_IN_FRAMEWORK_HEADER = YES;
				CLANG_WARN_RANGE_LOOP_ANALYSIS = YES;
				CLANG_WARN_STRICT_PROTOTYPES = YES;
				CLANG_WARN_SUSPICIOUS_MOVE = YES;
				CLANG_WARN_UNGUARDED_AVAILABILITY = YES_AGGRESSIVE;
				CLANG_WARN_UNREACHABLE_CODE = YES;
				CLANG_WARN__DUPLICATE_METHOD_MATCH = YES;
				COPY_PHASE_STRIP = NO;
				DEBUG_INFORMATION_FORMAT = "dwarf-with-dsym";
				ENABLE_NS_ASSERTIONS = NO;
				ENABLE_STRICT_OBJC_MSGSEND = YES;
				ENABLE_USER_SCRIPT_SANDBOXING = YES;
				GCC_C_LANGUAGE_STANDARD = gnu17;
				GCC_NO_COMMON_BLOCKS = YES;
				GCC_WARN_64_TO_32_BIT_CONVERSION = YES;
				GCC_WARN_ABOUT_RETURN_TYPE = YES_ERROR;
				GCC_WARN_UNDECLARED_SELECTOR = YES;
				GCC_WARN_UNINITIALIZED_AUTOS = YES_AGGRESSIVE;
				GCC_WARN_UNUSED_FUNCTION = YES;
				GCC_WARN_UNUSED_VARIABLE = YES;
				IPHONEOS_DEPLOYMENT_TARGET = 17.5;
				LOCALIZATION_PREFERS_STRING_CATALOGS = YES;
				MTL_ENABLE_DEBUG_INFO = NO;
				MTL_FAST_MATH = YES;
				SDKROOT = iphoneos;
				SWIFT_COMPILATION_MODE = wholemodule;
				VALIDATE_PRODUCT = YES;
			};
			name = Release;
		};
		A6063FD52C2F4252009C3AAB /* Debug */ = {
			isa = XCBuildConfiguration;
			buildSettings = {
				ASSETCATALOG_COMPILER_APPICON_NAME = AppIcon;
				ASSETCATALOG_COMPILER_GLOBAL_ACCENT_COLOR_NAME = AccentColor;
				CODE_SIGN_STYLE = Automatic;
				CURRENT_PROJECT_VERSION = 1;
				DEVELOPMENT_ASSET_PATHS = "\"RaceReady/Preview Content\"";
				DEVELOPMENT_TEAM = ZJD5A2P8BC;
				ENABLE_PREVIEWS = YES;
				GENERATE_INFOPLIST_FILE = YES;
				INFOPLIST_KEY_LSApplicationCategoryType = "public.app-category.sports";
				INFOPLIST_KEY_UIApplicationSceneManifest_Generation = YES;
				INFOPLIST_KEY_UIApplicationSupportsIndirectInputEvents = YES;
				INFOPLIST_KEY_UILaunchScreen_Generation = YES;
				INFOPLIST_KEY_UILaunchStoryboardName = "Launch Screen.storyboard";
				INFOPLIST_KEY_UISupportedInterfaceOrientations_iPad = "UIInterfaceOrientationPortrait UIInterfaceOrientationPortraitUpsideDown UIInterfaceOrientationLandscapeLeft UIInterfaceOrientationLandscapeRight";
				INFOPLIST_KEY_UISupportedInterfaceOrientations_iPhone = "UIInterfaceOrientationPortrait UIInterfaceOrientationLandscapeLeft UIInterfaceOrientationLandscapeRight";
				LD_RUNPATH_SEARCH_PATHS = (
					"$(inherited)",
					"@executable_path/Frameworks",
				);
				MARKETING_VERSION = 1.0;
				PRODUCT_BUNDLE_IDENTIFIER = com.adnannmuratovic.RaceReady;
				PRODUCT_NAME = "$(TARGET_NAME)";
				SWIFT_EMIT_LOC_STRINGS = YES;
				SWIFT_VERSION = 5.0;
				TARGETED_DEVICE_FAMILY = "1,2";
			};
			name = Debug;
		};
		A6063FD62C2F4252009C3AAB /* Release */ = {
			isa = XCBuildConfiguration;
			buildSettings = {
				ASSETCATALOG_COMPILER_APPICON_NAME = AppIcon;
				ASSETCATALOG_COMPILER_GLOBAL_ACCENT_COLOR_NAME = AccentColor;
				CODE_SIGN_STYLE = Automatic;
				CURRENT_PROJECT_VERSION = 1;
				DEVELOPMENT_ASSET_PATHS = "\"RaceReady/Preview Content\"";
				DEVELOPMENT_TEAM = ZJD5A2P8BC;
				ENABLE_PREVIEWS = YES;
				GENERATE_INFOPLIST_FILE = YES;
				INFOPLIST_KEY_LSApplicationCategoryType = "public.app-category.sports";
				INFOPLIST_KEY_UIApplicationSceneManifest_Generation = YES;
				INFOPLIST_KEY_UIApplicationSupportsIndirectInputEvents = YES;
				INFOPLIST_KEY_UILaunchScreen_Generation = YES;
				INFOPLIST_KEY_UILaunchStoryboardName = "Launch Screen.storyboard";
				INFOPLIST_KEY_UISupportedInterfaceOrientations_iPad = "UIInterfaceOrientationPortrait UIInterfaceOrientationPortraitUpsideDown UIInterfaceOrientationLandscapeLeft UIInterfaceOrientationLandscapeRight";
				INFOPLIST_KEY_UISupportedInterfaceOrientations_iPhone = "UIInterfaceOrientationPortrait UIInterfaceOrientationLandscapeLeft UIInterfaceOrientationLandscapeRight";
				LD_RUNPATH_SEARCH_PATHS = (
					"$(inherited)",
					"@executable_path/Frameworks",
				);
				MARKETING_VERSION = 1.0;
				PRODUCT_BUNDLE_IDENTIFIER = com.adnannmuratovic.RaceReady;
				PRODUCT_NAME = "$(TARGET_NAME)";
				SWIFT_EMIT_LOC_STRINGS = YES;
				SWIFT_VERSION = 5.0;
				TARGETED_DEVICE_FAMILY = "1,2";
			};
			name = Release;
		};
/* End XCBuildConfiguration section */

/* Begin XCConfigurationList section */
		A6063FC12C2F4250009C3AAB /* Build configuration list for PBXProject "RaceReady" */ = {
			isa = XCConfigurationList;
			buildConfigurations = (
				A6063FD22C2F4252009C3AAB /* Debug */,
				A6063FD32C2F4252009C3AAB /* Release */,
			);
			defaultConfigurationIsVisible = 0;
			defaultConfigurationName = Release;
		};
		A6063FD42C2F4252009C3AAB /* Build configuration list for PBXNativeTarget "RaceReady" */ = {
			isa = XCConfigurationList;
			buildConfigurations = (
				A6063FD52C2F4252009C3AAB /* Debug */,
				A6063FD62C2F4252009C3AAB /* Release */,
			);
			defaultConfigurationIsVisible = 0;
			defaultConfigurationName = Release;
		};
/* End XCConfigurationList section */
	};
	rootObject = A6063FBE2C2F4250009C3AAB /* Project object */;
}
